PODS:
  - Alamofire (4.9.1)
  - Kingfisher (5.15.8):
    - Kingfisher/Core (= 5.15.8)
  - Kingfisher/Core (5.15.8)
  - KingfisherWebP (1.0.0):
    - Kingfisher (~> 5.8)
    - libwebp (>= 0.5.0)
  - libwebp (1.2.0):
    - libwebp/demux (= 1.2.0)
    - libwebp/mux (= 1.2.0)
    - libwebp/webp (= 1.2.0)
  - libwebp/demux (1.2.0):
    - libwebp/webp
  - libwebp/mux (1.2.0):
    - libwebp/demux
  - libwebp/webp (1.2.0)
  - YDB2WModels (1.4.24):
    - YDExtensions (~> 1.4.0)
  - YDExtensions (1.4.2):
    - Kingfisher (~> 5.0)
    - KingfisherWebP (= 1.0.0)

DEPENDENCIES:
  - Alamofire (~> 4.0)
  - YDB2WModels (~> 1.4.0)
  - YDExtensions (~> 1.4.0)

SPEC REPOS:
  "git@github.com:Hennrich-Your-Dev/YourDev-Pods.git":
    - YDB2WModels
    - YDExtensions
  trunk:
    - Alamofire
    - Kingfisher
    - KingfisherWebP
    - libwebp

SPEC CHECKSUMS:
  Alamofire: 85e8a02c69d6020a0d734f6054870d7ecb75cf18
  Kingfisher: a3c03d702433fa6cfedabb2bddbe076fb8f2e902
  KingfisherWebP: b1ed1dbc5e52547c5bf5f583dd5c46346f97320f
  libwebp: e90b9c01d99205d03b6bb8f2c8c415e5a4ef66f0
  YDB2WModels: d807e1818d1b90db158655cd441a7ceef111cde1
  YDExtensions: fa093c67b72c07da4621a8132e79a1e84d9eed15

PODFILE CHECKSUM: 3acf777e330fe9bfe0e2d47cc3bf4e7b8dcc3e83

COCOAPODS: 1.10.1
